// !$*UTF8*$!
{
	archiveVersion = 1;
	classes = {
	};
	objectVersion = 46;
	objects = {

/* Begin PBXAggregateTarget section */
		7570C3AA21F568C200C50FDE /* Periphery */ = {
			isa = PBXAggregateTarget;
			buildConfigurationList = 7570C3AD21F568C200C50FDE /* Build configuration list for PBXAggregateTarget "Periphery" */;
			buildPhases = (
				7570C3AE21F568C800C50FDE /* Periphery */,
			);
			dependencies = (
			);
			name = Periphery;
			productName = Periphery;
		};
/* End PBXAggregateTarget section */

/* Begin PBXBuildFile section */
		02A6E6E1A82A27A66B8D08C4 /* MoveViewJob.swift in Sources */ = {isa = PBXBuildFile; fileRef = 266E162DA8B29D9AEB6A9397 /* MoveViewJob.swift */; };
		0511E43EF3FD2CDE7F7F15DB /* ScatterChartDataProvider.swift in Sources */ = {isa = PBXBuildFile; fileRef = 2FD37A55B4D85D883E29C744 /* ScatterChartDataProvider.swift */; };
		05253AFC448C107DEF54C2FE /* CombinedChartRenderer.swift in Sources */ = {isa = PBXBuildFile; fileRef = 52265C1B343CCC41AF2300E3 /* CombinedChartRenderer.swift */; };
		0529DD51622C8769C1121F90 /* CrossShapeRenderer.swift in Sources */ = {isa = PBXBuildFile; fileRef = 823F7DB281C6C6F069A69605 /* CrossShapeRenderer.swift */; };
		0CAF514A280FF6A14E2A1A23 /* CombinedChartView.swift in Sources */ = {isa = PBXBuildFile; fileRef = 11EF1FE22549E885C8F40738 /* CombinedChartView.swift */; };
		28FEE609C5B22FD64C7E5D10 /* BarLineScatterChartDataProvider.swift in Sources */ = {isa = PBXBuildFile; fileRef = 8FF03960A871A092F5B54315 /* BarLineScatterChartDataProvider.swift */; };
		2B791E64E7C4523B1A63F72A /* ScatterChartData.swift in Sources */ = {isa = PBXBuildFile; fileRef = E7AD2FC320A16CA1EE0A52F4 /* ScatterChartData.swift */; };
		2BA03CEC36BADCF682F1328B /* LineChartDataProvider.swift in Sources */ = {isa = PBXBuildFile; fileRef = BFABD027DAF6851088F002AC /* LineChartDataProvider.swift */; };
		2FBA7E982EB57932B9F3E9B5 /* YAxis.swift in Sources */ = {isa = PBXBuildFile; fileRef = FB92A80F861C1362EED8D946 /* YAxis.swift */; };
		331AA2C4BC34F56C23012F02 /* CombinedChartData.swift in Sources */ = {isa = PBXBuildFile; fileRef = 0DDE409E9ECF54D2C146A6F0 /* CombinedChartData.swift */; };
		40C82F2209E1BA9E41E8F3DA /* ChartColorTemplates.swift in Sources */ = {isa = PBXBuildFile; fileRef = F6227A646166E248F90F86AD /* ChartColorTemplates.swift */; };
		41B13F3179ACB5A3837C6E55 /* YAxisRenderer.swift in Sources */ = {isa = PBXBuildFile; fileRef = 688B80F1AA88AE54152BE768 /* YAxisRenderer.swift */; };
		41BEBF8BDB9DC403B5697D67 /* XAxisRenderer.swift in Sources */ = {isa = PBXBuildFile; fileRef = 1C02C3AF5C92FCFC18224C35 /* XAxisRenderer.swift */; };
		48E875BBD6540BDE1C1B7D3D /* AxisBase.swift in Sources */ = {isa = PBXBuildFile; fileRef = 4B7AEFBF4D85B9D2EAAB3071 /* AxisBase.swift */; };
		50476F8E6662CAFC1EFE0723 /* ScatterChartDataSetProtocol.swift in Sources */ = {isa = PBXBuildFile; fileRef = 219BC9CEA037F897E92E45D1 /* ScatterChartDataSetProtocol.swift */; };
		515E286E6C47594D3FFA3DD1 /* ViewPortHandler.swift in Sources */ = {isa = PBXBuildFile; fileRef = 72EAEBB7CF73E33565FC2896 /* ViewPortHandler.swift */; };
		5C457D9A50DA20869AD1739D /* ScatterChartView.swift in Sources */ = {isa = PBXBuildFile; fileRef = 18462BFDD9DEE76D51D40503 /* ScatterChartView.swift */; };
		5DC9BC1B6C128B2C9995AB84 /* ScatterChartRenderer.swift in Sources */ = {isa = PBXBuildFile; fileRef = 80D5B764EC0AE1E17E55DC67 /* ScatterChartRenderer.swift */; };
		5F96E95C7073D21EFE02BCF7 /* LineChartRenderer.swift in Sources */ = {isa = PBXBuildFile; fileRef = 0DABDBBCCE6B3620C967F04A /* LineChartRenderer.swift */; };
		65EA404AE098EBCE8D5DE04B /* CombinedChartDataProvider.swift in Sources */ = {isa = PBXBuildFile; fileRef = A140F644332704916947B58C /* CombinedChartDataProvider.swift */; };
		66A18A8EEBAAAC2EDA31ABEC /* ChartDataSet.swift in Sources */ = {isa = PBXBuildFile; fileRef = 6CEC0C69C89CE9B99F3B4409 /* ChartDataSet.swift */; };
		7570C3B721F5B5F900C50FDE /* BarLineScatterRenderer.swift in Sources */ = {isa = PBXBuildFile; fileRef = 7570C3B621F5B5F900C50FDE /* BarLineScatterRenderer.swift */; };
		7580C52F21F47AD1004AAD0E /* LineChartDataSetProtocol.swift in Sources */ = {isa = PBXBuildFile; fileRef = 7580C52E21F47AD1004AAD0E /* LineChartDataSetProtocol.swift */; };
		7580C53321F47CCA004AAD0E /* AxisColorFormatterProtocol.swift in Sources */ = {isa = PBXBuildFile; fileRef = 7580C53221F47CCA004AAD0E /* AxisColorFormatterProtocol.swift */; };
		779B46E9F13A087BFA47D539 /* DefaultAxisValueFormatter.swift in Sources */ = {isa = PBXBuildFile; fileRef = 6A4770E0F75EFFC30707A7C8 /* DefaultAxisValueFormatter.swift */; };
		78084A4F1D850D5775BC139E /* XAxis.swift in Sources */ = {isa = PBXBuildFile; fileRef = 5225ABC3C0C2F65FC094EEBB /* XAxis.swift */; };
		796D3E63A37A95FD9D1AB9A1 /* ChevronDownShapeRenderer.swift in Sources */ = {isa = PBXBuildFile; fileRef = C52E8344160B5E689DA3C25C /* ChevronDownShapeRenderer.swift */; };
		7D546013F3A14FF5BB7F3294 /* ChartDataEntryBase.swift in Sources */ = {isa = PBXBuildFile; fileRef = 12409C3EA15787C11AF0D2BC /* ChartDataEntryBase.swift */; };
		7E7561DE19DC7CABBE0B2D3A /* LineChartView.swift in Sources */ = {isa = PBXBuildFile; fileRef = 0619A877C69A95ECCC440A44 /* LineChartView.swift */; };
		8102A555DD6C93AC1290EA7C /* Fill.swift in Sources */ = {isa = PBXBuildFile; fileRef = 5A4CFFFB65819121595F06F1 /* Fill.swift */; };
		81892994002C0640AD858748 /* ChartData.swift in Sources */ = {isa = PBXBuildFile; fileRef = E120E76C6F1B5877D56126DD /* ChartData.swift */; };
		8A9FF54E2075A9047CC8E953 /* IShapeRenderer.swift in Sources */ = {isa = PBXBuildFile; fileRef = FA1D3D13180C2E3893A82546 /* IShapeRenderer.swift */; };
		8EF7B3FBE37F72CC030CD865 /* SquareShapeRenderer.swift in Sources */ = {isa = PBXBuildFile; fileRef = 32FC01A016DFF1BA73AF9182 /* SquareShapeRenderer.swift */; };
		8F4B1A9060472764073DFA0B /* TriangleShapeRenderer.swift in Sources */ = {isa = PBXBuildFile; fileRef = C8FB6219B143F8F7DA762950 /* TriangleShapeRenderer.swift */; };
		93A94E1FF55041A6032891FE /* XShapeRenderer.swift in Sources */ = {isa = PBXBuildFile; fileRef = 23D35CF6F9177D77B6B97AE1 /* XShapeRenderer.swift */; };
		9400725714D0DA707DDECD2E /* ViewPortJob.swift in Sources */ = {isa = PBXBuildFile; fileRef = FA7BDB22C97F39A4B33E38A7 /* ViewPortJob.swift */; };
		95B6D6F35684292A62DBEA74 /* LineChartDataSet.swift in Sources */ = {isa = PBXBuildFile; fileRef = A5A75AA73C5AA381DA517959 /* LineChartDataSet.swift */; };
		967EE2EDDE3337C5C4337C59 /* IndexAxisValueFormatter.swift in Sources */ = {isa = PBXBuildFile; fileRef = 10DD0A02E3CF611BD11EBA9B /* IndexAxisValueFormatter.swift */; };
		97E033CC0ABEF0F448DAFA8E /* DataApproximator.swift in Sources */ = {isa = PBXBuildFile; fileRef = 93EF9709CF635BEE70D1ABC5 /* DataApproximator.swift */; };
		98E2EEF45E8933E4AD182D58 /* ChartViewBase.swift in Sources */ = {isa = PBXBuildFile; fileRef = 30EFAD7920F76360ADB3B5F5 /* ChartViewBase.swift */; };
		9A26C8DB1F87B01700367599 /* DataApproximator+N.swift in Sources */ = {isa = PBXBuildFile; fileRef = 9A26C8DA1F87B01700367599 /* DataApproximator+N.swift */; };
		9F760570BCECB0BF5727AF90 /* BarLineChartViewBase.swift in Sources */ = {isa = PBXBuildFile; fileRef = 45C6D3723C4E001B119CA0C8 /* BarLineChartViewBase.swift */; };
		A40ACF0CCE96EEE104B0463D /* ValueFormatterProtocol.swift in Sources */ = {isa = PBXBuildFile; fileRef = 4EAA8AA30C377D54D22A577A /* ValueFormatterProtocol.swift */; };
		AEE9C4E4AC02B8FB3CD21975 /* ZoomViewJob.swift in Sources */ = {isa = PBXBuildFile; fileRef = FB3A4F5987E58F3E5BE855F9 /* ZoomViewJob.swift */; };
		B0D28C68BB9A958DC56EB214 /* DefaultValueFormatter.swift in Sources */ = {isa = PBXBuildFile; fileRef = 107D8F8163EE54D6D9E916B0 /* DefaultValueFormatter.swift */; };
		B13C74B4FF705D7B595D01EF /* AxisValueFormatterProtocol.swift in Sources */ = {isa = PBXBuildFile; fileRef = 0BD9DF16AF59680A3BB49452 /* AxisValueFormatterProtocol.swift */; };
		B6C9F450D937B87224D29D5C /* FillFormatterProtocol.swift in Sources */ = {isa = PBXBuildFile; fileRef = 818AC6B12505B7C0A53D62F9 /* FillFormatterProtocol.swift */; };
		B85DEB06B4C1AFFC8A0E3295 /* CircleShapeRenderer.swift in Sources */ = {isa = PBXBuildFile; fileRef = ECE1B1623D3AF69CECAE8562 /* CircleShapeRenderer.swift */; };
		BEFD9518F3A74ACF8FA33308 /* Charts.h in Headers */ = {isa = PBXBuildFile; fileRef = 4F9922F0641F7955DC6CD324 /* Charts.h */; settings = {ATTRIBUTES = (Public, ); }; };
		C04D269AD4A373FD2B621C43 /* LineChartData.swift in Sources */ = {isa = PBXBuildFile; fileRef = 4C978F31F23C7D21197DC2A1 /* LineChartData.swift */; };
		CB785FE9B6B312408D17BC3B /* ChartUtils.swift in Sources */ = {isa = PBXBuildFile; fileRef = 3FDA09EF973925A110506799 /* ChartUtils.swift */; };
		CEF68F42A5390A73113F3663 /* Renderer.swift in Sources */ = {isa = PBXBuildFile; fileRef = 6F66B32AD8A878CBD6DB6ED2 /* Renderer.swift */; };
		DBC9DB402CC9BB84B76968C4 /* Description.swift in Sources */ = {isa = PBXBuildFile; fileRef = B137428B41C143D5115726C4 /* Description.swift */; };
		DE0F434FE8C24C52B023370F /* Transformer.swift in Sources */ = {isa = PBXBuildFile; fileRef = FF475B9593B9898853814340 /* Transformer.swift */; };
		E50D291A6B6E69BF0B56A67C /* ChartBaseDataSet.swift in Sources */ = {isa = PBXBuildFile; fileRef = C9FE42E868A225C116537368 /* ChartBaseDataSet.swift */; };
		E8F0F4F47CD7D72B4EE5A794 /* ChartDataSetProtocol.swift in Sources */ = {isa = PBXBuildFile; fileRef = 3A32510073A303CBB38E094A /* ChartDataSetProtocol.swift */; };
		EAEA60D22CA8C1B7E18D3F7D /* ChartDataEntry.swift in Sources */ = {isa = PBXBuildFile; fileRef = F22750328058DEC2F019646F /* ChartDataEntry.swift */; };
		EB56849433A76B08606B73EB /* ScatterChartDataSet.swift in Sources */ = {isa = PBXBuildFile; fileRef = CB1DD1A0F64266A10EE94194 /* ScatterChartDataSet.swift */; };
		ECECC58CEF03B1718F8267E8 /* AxisRendererBase.swift in Sources */ = {isa = PBXBuildFile; fileRef = C75935E899183DDFA181E2CC /* AxisRendererBase.swift */; };
		F103D90FC5DEEA0D7BB4407E /* ChevronUpShapeRenderer.swift in Sources */ = {isa = PBXBuildFile; fileRef = AA70259ED16FF80D8EEB0F94 /* ChevronUpShapeRenderer.swift */; };
		F37B07008B8AE7F3909FFB9C /* ChartDataRendererBase.swift in Sources */ = {isa = PBXBuildFile; fileRef = 0216EDC6A1FE272F4EB19FCF /* ChartDataRendererBase.swift */; };
		F744C510DA9B85C228BBB335 /* DefaultFillFormatter.swift in Sources */ = {isa = PBXBuildFile; fileRef = D6C1BEFDF17404666C7B6054 /* DefaultFillFormatter.swift */; };
		FD37AAC0270F390FFC470A65 /* ChartDataProvider.swift in Sources */ = {isa = PBXBuildFile; fileRef = 62B73FCEDD3841E7B958F6A9 /* ChartDataProvider.swift */; };
		FDBDAFA7A5337C6E3992DACE /* ComponentBase.swift in Sources */ = {isa = PBXBuildFile; fileRef = C8C9A105A7DB64F39DDA648B /* ComponentBase.swift */; };
/* End PBXBuildFile section */

/* Begin PBXFileReference section */
		0216EDC6A1FE272F4EB19FCF /* ChartDataRendererBase.swift */ = {isa = PBXFileReference; includeInIndex = 1; lastKnownFileType = sourcecode.swift; name = ChartDataRendererBase.swift; path = Source/Charts/Renderers/ChartDataRendererBase.swift; sourceTree = "<group>"; };
		0619A877C69A95ECCC440A44 /* LineChartView.swift */ = {isa = PBXFileReference; includeInIndex = 1; lastKnownFileType = sourcecode.swift; name = LineChartView.swift; path = Source/Charts/Charts/LineChartView.swift; sourceTree = "<group>"; };
		0BD9DF16AF59680A3BB49452 /* AxisValueFormatterProtocol.swift */ = {isa = PBXFileReference; includeInIndex = 1; lastKnownFileType = sourcecode.swift; name = AxisValueFormatterProtocol.swift; path = Source/Charts/Formatters/AxisValueFormatterProtocol.swift; sourceTree = "<group>"; };
		0DABDBBCCE6B3620C967F04A /* LineChartRenderer.swift */ = {isa = PBXFileReference; includeInIndex = 1; lastKnownFileType = sourcecode.swift; name = LineChartRenderer.swift; path = Source/Charts/Renderers/LineChartRenderer.swift; sourceTree = "<group>"; };
		0DDE409E9ECF54D2C146A6F0 /* CombinedChartData.swift */ = {isa = PBXFileReference; includeInIndex = 1; lastKnownFileType = sourcecode.swift; name = CombinedChartData.swift; path = Source/Charts/Data/Implementations/Standard/CombinedChartData.swift; sourceTree = "<group>"; };
		107D8F8163EE54D6D9E916B0 /* DefaultValueFormatter.swift */ = {isa = PBXFileReference; includeInIndex = 1; lastKnownFileType = sourcecode.swift; name = DefaultValueFormatter.swift; path = Source/Charts/Formatters/DefaultValueFormatter.swift; sourceTree = "<group>"; };
		10DD0A02E3CF611BD11EBA9B /* IndexAxisValueFormatter.swift */ = {isa = PBXFileReference; includeInIndex = 1; lastKnownFileType = sourcecode.swift; name = IndexAxisValueFormatter.swift; path = Source/Charts/Formatters/IndexAxisValueFormatter.swift; sourceTree = "<group>"; };
		11EF1FE22549E885C8F40738 /* CombinedChartView.swift */ = {isa = PBXFileReference; includeInIndex = 1; lastKnownFileType = sourcecode.swift; name = CombinedChartView.swift; path = Source/Charts/Charts/CombinedChartView.swift; sourceTree = "<group>"; };
		12409C3EA15787C11AF0D2BC /* ChartDataEntryBase.swift */ = {isa = PBXFileReference; includeInIndex = 1; lastKnownFileType = sourcecode.swift; name = ChartDataEntryBase.swift; path = Source/Charts/Data/Implementations/Standard/ChartDataEntryBase.swift; sourceTree = "<group>"; };
		18462BFDD9DEE76D51D40503 /* ScatterChartView.swift */ = {isa = PBXFileReference; includeInIndex = 1; lastKnownFileType = sourcecode.swift; name = ScatterChartView.swift; path = Source/Charts/Charts/ScatterChartView.swift; sourceTree = "<group>"; };
		1C02C3AF5C92FCFC18224C35 /* XAxisRenderer.swift */ = {isa = PBXFileReference; includeInIndex = 1; lastKnownFileType = sourcecode.swift; name = XAxisRenderer.swift; path = Source/Charts/Renderers/XAxisRenderer.swift; sourceTree = "<group>"; };
		219BC9CEA037F897E92E45D1 /* ScatterChartDataSetProtocol.swift */ = {isa = PBXFileReference; includeInIndex = 1; lastKnownFileType = sourcecode.swift; name = ScatterChartDataSetProtocol.swift; path = Source/Charts/Data/Interfaces/ScatterChartDataSetProtocol.swift; sourceTree = "<group>"; };
		23D35CF6F9177D77B6B97AE1 /* XShapeRenderer.swift */ = {isa = PBXFileReference; includeInIndex = 1; lastKnownFileType = sourcecode.swift; name = XShapeRenderer.swift; path = Source/Charts/Renderers/Scatter/XShapeRenderer.swift; sourceTree = "<group>"; };
		266E162DA8B29D9AEB6A9397 /* MoveViewJob.swift */ = {isa = PBXFileReference; includeInIndex = 1; lastKnownFileType = sourcecode.swift; name = MoveViewJob.swift; path = Source/Charts/Jobs/MoveViewJob.swift; sourceTree = "<group>"; };
		2FD37A55B4D85D883E29C744 /* ScatterChartDataProvider.swift */ = {isa = PBXFileReference; includeInIndex = 1; lastKnownFileType = sourcecode.swift; name = ScatterChartDataProvider.swift; path = Source/Charts/Interfaces/ScatterChartDataProvider.swift; sourceTree = "<group>"; };
		30EFAD7920F76360ADB3B5F5 /* ChartViewBase.swift */ = {isa = PBXFileReference; includeInIndex = 1; lastKnownFileType = sourcecode.swift; name = ChartViewBase.swift; path = Source/Charts/Charts/ChartViewBase.swift; sourceTree = "<group>"; };
		32FC01A016DFF1BA73AF9182 /* SquareShapeRenderer.swift */ = {isa = PBXFileReference; includeInIndex = 1; lastKnownFileType = sourcecode.swift; name = SquareShapeRenderer.swift; path = Source/Charts/Renderers/Scatter/SquareShapeRenderer.swift; sourceTree = "<group>"; };
		3A32510073A303CBB38E094A /* ChartDataSetProtocol.swift */ = {isa = PBXFileReference; includeInIndex = 1; lastKnownFileType = sourcecode.swift; name = ChartDataSetProtocol.swift; path = Source/Charts/Data/Interfaces/ChartDataSetProtocol.swift; sourceTree = "<group>"; };
		3FDA09EF973925A110506799 /* ChartUtils.swift */ = {isa = PBXFileReference; includeInIndex = 1; lastKnownFileType = sourcecode.swift; name = ChartUtils.swift; path = Source/Charts/Utils/ChartUtils.swift; sourceTree = "<group>"; };
		45C6D3723C4E001B119CA0C8 /* BarLineChartViewBase.swift */ = {isa = PBXFileReference; includeInIndex = 1; lastKnownFileType = sourcecode.swift; name = BarLineChartViewBase.swift; path = Source/Charts/Charts/BarLineChartViewBase.swift; sourceTree = "<group>"; };
		4B7AEFBF4D85B9D2EAAB3071 /* AxisBase.swift */ = {isa = PBXFileReference; includeInIndex = 1; lastKnownFileType = sourcecode.swift; name = AxisBase.swift; path = Source/Charts/Components/AxisBase.swift; sourceTree = "<group>"; };
		4C978F31F23C7D21197DC2A1 /* LineChartData.swift */ = {isa = PBXFileReference; includeInIndex = 1; lastKnownFileType = sourcecode.swift; name = LineChartData.swift; path = Source/Charts/Data/Implementations/Standard/LineChartData.swift; sourceTree = "<group>"; };
		4EAA8AA30C377D54D22A577A /* ValueFormatterProtocol.swift */ = {isa = PBXFileReference; includeInIndex = 1; lastKnownFileType = sourcecode.swift; name = ValueFormatterProtocol.swift; path = Source/Charts/Formatters/ValueFormatterProtocol.swift; sourceTree = "<group>"; };
		4F9922F0641F7955DC6CD324 /* Charts.h */ = {isa = PBXFileReference; includeInIndex = 1; lastKnownFileType = sourcecode.c.h; name = Charts.h; path = "Source/Supporting Files/Charts.h"; sourceTree = "<group>"; };
		5225ABC3C0C2F65FC094EEBB /* XAxis.swift */ = {isa = PBXFileReference; includeInIndex = 1; lastKnownFileType = sourcecode.swift; name = XAxis.swift; path = Source/Charts/Components/XAxis.swift; sourceTree = "<group>"; };
		52265C1B343CCC41AF2300E3 /* CombinedChartRenderer.swift */ = {isa = PBXFileReference; includeInIndex = 1; lastKnownFileType = sourcecode.swift; name = CombinedChartRenderer.swift; path = Source/Charts/Renderers/CombinedChartRenderer.swift; sourceTree = "<group>"; };
		5A4CFFFB65819121595F06F1 /* Fill.swift */ = {isa = PBXFileReference; includeInIndex = 1; lastKnownFileType = sourcecode.swift; name = Fill.swift; path = Source/Charts/Utils/Fill.swift; sourceTree = "<group>"; };
		62B73FCEDD3841E7B958F6A9 /* ChartDataProvider.swift */ = {isa = PBXFileReference; includeInIndex = 1; lastKnownFileType = sourcecode.swift; name = ChartDataProvider.swift; path = Source/Charts/Interfaces/ChartDataProvider.swift; sourceTree = "<group>"; };
		65AD9E95D9ED4DC0BD73A743 /* Charts.framework */ = {isa = PBXFileReference; explicitFileType = wrapper.framework; includeInIndex = 0; path = Charts.framework; sourceTree = BUILT_PRODUCTS_DIR; };
		688B80F1AA88AE54152BE768 /* YAxisRenderer.swift */ = {isa = PBXFileReference; includeInIndex = 1; lastKnownFileType = sourcecode.swift; name = YAxisRenderer.swift; path = Source/Charts/Renderers/YAxisRenderer.swift; sourceTree = "<group>"; };
		6A4770E0F75EFFC30707A7C8 /* DefaultAxisValueFormatter.swift */ = {isa = PBXFileReference; includeInIndex = 1; lastKnownFileType = sourcecode.swift; name = DefaultAxisValueFormatter.swift; path = Source/Charts/Formatters/DefaultAxisValueFormatter.swift; sourceTree = "<group>"; };
		6CEC0C69C89CE9B99F3B4409 /* ChartDataSet.swift */ = {isa = PBXFileReference; includeInIndex = 1; lastKnownFileType = sourcecode.swift; name = ChartDataSet.swift; path = Source/Charts/Data/Implementations/Standard/ChartDataSet.swift; sourceTree = "<group>"; };
		6F66B32AD8A878CBD6DB6ED2 /* Renderer.swift */ = {isa = PBXFileReference; includeInIndex = 1; lastKnownFileType = sourcecode.swift; name = Renderer.swift; path = Source/Charts/Renderers/Renderer.swift; sourceTree = "<group>"; };
		72EAEBB7CF73E33565FC2896 /* ViewPortHandler.swift */ = {isa = PBXFileReference; includeInIndex = 1; lastKnownFileType = sourcecode.swift; name = ViewPortHandler.swift; path = Source/Charts/Utils/ViewPortHandler.swift; sourceTree = "<group>"; };
		7570C3B621F5B5F900C50FDE /* BarLineScatterRenderer.swift */ = {isa = PBXFileReference; fileEncoding = 4; lastKnownFileType = sourcecode.swift; name = BarLineScatterRenderer.swift; path = Source/Charts/Renderers/BarLineScatterRenderer.swift; sourceTree = "<group>"; };
		7580C52E21F47AD1004AAD0E /* LineChartDataSetProtocol.swift */ = {isa = PBXFileReference; fileEncoding = 4; lastKnownFileType = sourcecode.swift; name = LineChartDataSetProtocol.swift; path = Source/Charts/Data/Interfaces/LineChartDataSetProtocol.swift; sourceTree = "<group>"; };
		7580C53221F47CCA004AAD0E /* AxisColorFormatterProtocol.swift */ = {isa = PBXFileReference; fileEncoding = 4; lastKnownFileType = sourcecode.swift; name = AxisColorFormatterProtocol.swift; path = Source/Charts/Formatters/AxisColorFormatterProtocol.swift; sourceTree = "<group>"; };
		80D5B764EC0AE1E17E55DC67 /* ScatterChartRenderer.swift */ = {isa = PBXFileReference; includeInIndex = 1; lastKnownFileType = sourcecode.swift; name = ScatterChartRenderer.swift; path = Source/Charts/Renderers/ScatterChartRenderer.swift; sourceTree = "<group>"; };
		818AC6B12505B7C0A53D62F9 /* FillFormatterProtocol.swift */ = {isa = PBXFileReference; includeInIndex = 1; lastKnownFileType = sourcecode.swift; name = FillFormatterProtocol.swift; path = Source/Charts/Formatters/FillFormatterProtocol.swift; sourceTree = "<group>"; };
		823F7DB281C6C6F069A69605 /* CrossShapeRenderer.swift */ = {isa = PBXFileReference; includeInIndex = 1; lastKnownFileType = sourcecode.swift; name = CrossShapeRenderer.swift; path = Source/Charts/Renderers/Scatter/CrossShapeRenderer.swift; sourceTree = "<group>"; };
		8FF03960A871A092F5B54315 /* BarLineScatterChartDataProvider.swift */ = {isa = PBXFileReference; includeInIndex = 1; lastKnownFileType = sourcecode.swift; name = BarLineScatterChartDataProvider.swift; path = Source/Charts/Interfaces/BarLineScatterChartDataProvider.swift; sourceTree = "<group>"; };
		910DBFE1DA1B2CA237A736DF /* Info.plist */ = {isa = PBXFileReference; includeInIndex = 1; lastKnownFileType = text.plist.xml; name = Info.plist; path = "Source/Supporting Files/Info.plist"; sourceTree = "<group>"; };
		93EF9709CF635BEE70D1ABC5 /* DataApproximator.swift */ = {isa = PBXFileReference; includeInIndex = 1; lastKnownFileType = sourcecode.swift; name = DataApproximator.swift; path = Source/Charts/Filters/DataApproximator.swift; sourceTree = "<group>"; };
		9A26C8DA1F87B01700367599 /* DataApproximator+N.swift */ = {isa = PBXFileReference; fileEncoding = 4; lastKnownFileType = sourcecode.swift; name = "DataApproximator+N.swift"; path = "Source/Charts/Filters/DataApproximator+N.swift"; sourceTree = "<group>"; };
		A140F644332704916947B58C /* CombinedChartDataProvider.swift */ = {isa = PBXFileReference; includeInIndex = 1; lastKnownFileType = sourcecode.swift; name = CombinedChartDataProvider.swift; path = Source/Charts/Interfaces/CombinedChartDataProvider.swift; sourceTree = "<group>"; };
		A5A75AA73C5AA381DA517959 /* LineChartDataSet.swift */ = {isa = PBXFileReference; includeInIndex = 1; lastKnownFileType = sourcecode.swift; name = LineChartDataSet.swift; path = Source/Charts/Data/Implementations/Standard/LineChartDataSet.swift; sourceTree = "<group>"; };
		AA70259ED16FF80D8EEB0F94 /* ChevronUpShapeRenderer.swift */ = {isa = PBXFileReference; includeInIndex = 1; lastKnownFileType = sourcecode.swift; name = ChevronUpShapeRenderer.swift; path = Source/Charts/Renderers/Scatter/ChevronUpShapeRenderer.swift; sourceTree = "<group>"; };
		B137428B41C143D5115726C4 /* Description.swift */ = {isa = PBXFileReference; includeInIndex = 1; lastKnownFileType = sourcecode.swift; name = Description.swift; path = Source/Charts/Components/Description.swift; sourceTree = "<group>"; };
		BFABD027DAF6851088F002AC /* LineChartDataProvider.swift */ = {isa = PBXFileReference; includeInIndex = 1; lastKnownFileType = sourcecode.swift; name = LineChartDataProvider.swift; path = Source/Charts/Interfaces/LineChartDataProvider.swift; sourceTree = "<group>"; };
		C52E8344160B5E689DA3C25C /* ChevronDownShapeRenderer.swift */ = {isa = PBXFileReference; includeInIndex = 1; lastKnownFileType = sourcecode.swift; name = ChevronDownShapeRenderer.swift; path = Source/Charts/Renderers/Scatter/ChevronDownShapeRenderer.swift; sourceTree = "<group>"; };
		C75935E899183DDFA181E2CC /* AxisRendererBase.swift */ = {isa = PBXFileReference; includeInIndex = 1; lastKnownFileType = sourcecode.swift; name = AxisRendererBase.swift; path = Source/Charts/Renderers/AxisRendererBase.swift; sourceTree = "<group>"; };
		C8C9A105A7DB64F39DDA648B /* ComponentBase.swift */ = {isa = PBXFileReference; includeInIndex = 1; lastKnownFileType = sourcecode.swift; name = ComponentBase.swift; path = Source/Charts/Components/ComponentBase.swift; sourceTree = "<group>"; };
		C8FB6219B143F8F7DA762950 /* TriangleShapeRenderer.swift */ = {isa = PBXFileReference; includeInIndex = 1; lastKnownFileType = sourcecode.swift; name = TriangleShapeRenderer.swift; path = Source/Charts/Renderers/Scatter/TriangleShapeRenderer.swift; sourceTree = "<group>"; };
		C9FE42E868A225C116537368 /* ChartBaseDataSet.swift */ = {isa = PBXFileReference; includeInIndex = 1; lastKnownFileType = sourcecode.swift; name = ChartBaseDataSet.swift; path = Source/Charts/Data/Implementations/ChartBaseDataSet.swift; sourceTree = "<group>"; };
		CB1DD1A0F64266A10EE94194 /* ScatterChartDataSet.swift */ = {isa = PBXFileReference; includeInIndex = 1; lastKnownFileType = sourcecode.swift; name = ScatterChartDataSet.swift; path = Source/Charts/Data/Implementations/Standard/ScatterChartDataSet.swift; sourceTree = "<group>"; };
		D6C1BEFDF17404666C7B6054 /* DefaultFillFormatter.swift */ = {isa = PBXFileReference; includeInIndex = 1; lastKnownFileType = sourcecode.swift; name = DefaultFillFormatter.swift; path = Source/Charts/Formatters/DefaultFillFormatter.swift; sourceTree = "<group>"; };
		E120E76C6F1B5877D56126DD /* ChartData.swift */ = {isa = PBXFileReference; includeInIndex = 1; lastKnownFileType = sourcecode.swift; name = ChartData.swift; path = Source/Charts/Data/Implementations/Standard/ChartData.swift; sourceTree = "<group>"; };
		E7AD2FC320A16CA1EE0A52F4 /* ScatterChartData.swift */ = {isa = PBXFileReference; includeInIndex = 1; lastKnownFileType = sourcecode.swift; name = ScatterChartData.swift; path = Source/Charts/Data/Implementations/Standard/ScatterChartData.swift; sourceTree = "<group>"; };
		ECE1B1623D3AF69CECAE8562 /* CircleShapeRenderer.swift */ = {isa = PBXFileReference; includeInIndex = 1; lastKnownFileType = sourcecode.swift; name = CircleShapeRenderer.swift; path = Source/Charts/Renderers/Scatter/CircleShapeRenderer.swift; sourceTree = "<group>"; };
		F22750328058DEC2F019646F /* ChartDataEntry.swift */ = {isa = PBXFileReference; includeInIndex = 1; lastKnownFileType = sourcecode.swift; name = ChartDataEntry.swift; path = Source/Charts/Data/Implementations/Standard/ChartDataEntry.swift; sourceTree = "<group>"; };
		F6227A646166E248F90F86AD /* ChartColorTemplates.swift */ = {isa = PBXFileReference; includeInIndex = 1; lastKnownFileType = sourcecode.swift; name = ChartColorTemplates.swift; path = Source/Charts/Utils/ChartColorTemplates.swift; sourceTree = "<group>"; };
		FA1D3D13180C2E3893A82546 /* IShapeRenderer.swift */ = {isa = PBXFileReference; includeInIndex = 1; lastKnownFileType = sourcecode.swift; name = IShapeRenderer.swift; path = Source/Charts/Renderers/Scatter/IShapeRenderer.swift; sourceTree = "<group>"; };
		FA7BDB22C97F39A4B33E38A7 /* ViewPortJob.swift */ = {isa = PBXFileReference; includeInIndex = 1; lastKnownFileType = sourcecode.swift; name = ViewPortJob.swift; path = Source/Charts/Jobs/ViewPortJob.swift; sourceTree = "<group>"; };
		FB3A4F5987E58F3E5BE855F9 /* ZoomViewJob.swift */ = {isa = PBXFileReference; includeInIndex = 1; lastKnownFileType = sourcecode.swift; name = ZoomViewJob.swift; path = Source/Charts/Jobs/ZoomViewJob.swift; sourceTree = "<group>"; };
		FB92A80F861C1362EED8D946 /* YAxis.swift */ = {isa = PBXFileReference; includeInIndex = 1; lastKnownFileType = sourcecode.swift; name = YAxis.swift; path = Source/Charts/Components/YAxis.swift; sourceTree = "<group>"; };
		FF475B9593B9898853814340 /* Transformer.swift */ = {isa = PBXFileReference; includeInIndex = 1; lastKnownFileType = sourcecode.swift; name = Transformer.swift; path = Source/Charts/Utils/Transformer.swift; sourceTree = "<group>"; };
/* End PBXFileReference section */

/* Begin PBXFrameworksBuildPhase section */
		C16A09321DC2DCF289FF0E3B /* Frameworks */ = {
			isa = PBXFrameworksBuildPhase;
			buildActionMask = 2147483647;
			files = (
			);
			runOnlyForDeploymentPostprocessing = 0;
		};
/* End PBXFrameworksBuildPhase section */

/* Begin PBXGroup section */
		031D7C33F3BF172E30664862 /* Interfaces */ = {
			isa = PBXGroup;
			children = (
				8FF03960A871A092F5B54315 /* BarLineScatterChartDataProvider.swift */,
				62B73FCEDD3841E7B958F6A9 /* ChartDataProvider.swift */,
				A140F644332704916947B58C /* CombinedChartDataProvider.swift */,
				BFABD027DAF6851088F002AC /* LineChartDataProvider.swift */,
				2FD37A55B4D85D883E29C744 /* ScatterChartDataProvider.swift */,
			);
			name = Interfaces;
			sourceTree = "<group>";
		};
		033FD152BB2F906750106A85 /* Frameworks */ = {
			isa = PBXGroup;
			children = (
			);
			name = Frameworks;
			sourceTree = "<group>";
		};
		098621EDFBF928494B94BEA1 /* Data */ = {
			isa = PBXGroup;
			children = (
				3B9DD76FCE8D873300A822C7 /* Implementations */,
				DB2D9648877455028EBEAA8F /* Interfaces */,
			);
			name = Data;
			sourceTree = "<group>";
		};
		20C350D33133A4D89BB365B1 /* Source */ = {
			isa = PBXGroup;
			children = (
				E9F158C8C566B26AFD775911 /* Supporting Files */,
				2647844720BC6574A544A337 /* Charts */,
			);
			name = Source;
			sourceTree = "<group>";
		};
		2647844720BC6574A544A337 /* Charts */ = {
			isa = PBXGroup;
			children = (
				8C531E3F3C3DE5843C93C3DA /* Charts */,
				51EF1986C9884C25EED1C2CB /* Components */,
				098621EDFBF928494B94BEA1 /* Data */,
				AA79AB82B0ADCA926510B73E /* Filters */,
				74A391010038924F637D6752 /* Formatters */,
				031D7C33F3BF172E30664862 /* Interfaces */,
				AD1224C45A29A5C88D6B7450 /* Jobs */,
				E7589D3E7C2BD2449960AD59 /* Renderers */,
				D047819AB7170595896D6FE8 /* Utils */,
			);
			name = Charts;
			sourceTree = "<group>";
		};
		3B9DD76FCE8D873300A822C7 /* Implementations */ = {
			isa = PBXGroup;
			children = (
				C9FE42E868A225C116537368 /* ChartBaseDataSet.swift */,
				740017197A160047EBB8A9A0 /* Standard */,
			);
			name = Implementations;
			sourceTree = "<group>";
		};
		51EF1986C9884C25EED1C2CB /* Components */ = {
			isa = PBXGroup;
			children = (
				4B7AEFBF4D85B9D2EAAB3071 /* AxisBase.swift */,
				C8C9A105A7DB64F39DDA648B /* ComponentBase.swift */,
				B137428B41C143D5115726C4 /* Description.swift */,
				5225ABC3C0C2F65FC094EEBB /* XAxis.swift */,
				FB92A80F861C1362EED8D946 /* YAxis.swift */,
			);
			name = Components;
			sourceTree = "<group>";
		};
		740017197A160047EBB8A9A0 /* Standard */ = {
			isa = PBXGroup;
			children = (
				E120E76C6F1B5877D56126DD /* ChartData.swift */,
				F22750328058DEC2F019646F /* ChartDataEntry.swift */,
				12409C3EA15787C11AF0D2BC /* ChartDataEntryBase.swift */,
				6CEC0C69C89CE9B99F3B4409 /* ChartDataSet.swift */,
				0DDE409E9ECF54D2C146A6F0 /* CombinedChartData.swift */,
				4C978F31F23C7D21197DC2A1 /* LineChartData.swift */,
				A5A75AA73C5AA381DA517959 /* LineChartDataSet.swift */,
				E7AD2FC320A16CA1EE0A52F4 /* ScatterChartData.swift */,
				CB1DD1A0F64266A10EE94194 /* ScatterChartDataSet.swift */,
			);
			name = Standard;
			sourceTree = "<group>";
		};
		74A391010038924F637D6752 /* Formatters */ = {
			isa = PBXGroup;
			children = (
				7580C53221F47CCA004AAD0E /* AxisColorFormatterProtocol.swift */,
				6A4770E0F75EFFC30707A7C8 /* DefaultAxisValueFormatter.swift */,
				D6C1BEFDF17404666C7B6054 /* DefaultFillFormatter.swift */,
				107D8F8163EE54D6D9E916B0 /* DefaultValueFormatter.swift */,
				0BD9DF16AF59680A3BB49452 /* AxisValueFormatterProtocol.swift */,
				818AC6B12505B7C0A53D62F9 /* FillFormatterProtocol.swift */,
				10DD0A02E3CF611BD11EBA9B /* IndexAxisValueFormatter.swift */,
				4EAA8AA30C377D54D22A577A /* ValueFormatterProtocol.swift */,
			);
			name = Formatters;
			sourceTree = "<group>";
		};
		865A1CF149F52850CAB7F177 = {
			isa = PBXGroup;
			children = (
				AB2D554102718F209377399E /* Products */,
				033FD152BB2F906750106A85 /* Frameworks */,
				20C350D33133A4D89BB365B1 /* Source */,
			);
			sourceTree = "<group>";
		};
		8C531E3F3C3DE5843C93C3DA /* Charts */ = {
			isa = PBXGroup;
			children = (
				45C6D3723C4E001B119CA0C8 /* BarLineChartViewBase.swift */,
				30EFAD7920F76360ADB3B5F5 /* ChartViewBase.swift */,
				11EF1FE22549E885C8F40738 /* CombinedChartView.swift */,
				0619A877C69A95ECCC440A44 /* LineChartView.swift */,
				18462BFDD9DEE76D51D40503 /* ScatterChartView.swift */,
			);
			name = Charts;
			sourceTree = "<group>";
		};
		AA79AB82B0ADCA926510B73E /* Filters */ = {
			isa = PBXGroup;
			children = (
				93EF9709CF635BEE70D1ABC5 /* DataApproximator.swift */,
				9A26C8DA1F87B01700367599 /* DataApproximator+N.swift */,
			);
			name = Filters;
			sourceTree = "<group>";
		};
		AB2D554102718F209377399E /* Products */ = {
			isa = PBXGroup;
			children = (
				65AD9E95D9ED4DC0BD73A743 /* Charts.framework */,
			);
			name = Products;
			sourceTree = "<group>";
		};
		AD1224C45A29A5C88D6B7450 /* Jobs */ = {
			isa = PBXGroup;
			children = (
				266E162DA8B29D9AEB6A9397 /* MoveViewJob.swift */,
				FA7BDB22C97F39A4B33E38A7 /* ViewPortJob.swift */,
				FB3A4F5987E58F3E5BE855F9 /* ZoomViewJob.swift */,
			);
			name = Jobs;
			sourceTree = "<group>";
		};
		D047819AB7170595896D6FE8 /* Utils */ = {
			isa = PBXGroup;
			children = (
				F6227A646166E248F90F86AD /* ChartColorTemplates.swift */,
				3FDA09EF973925A110506799 /* ChartUtils.swift */,
				5A4CFFFB65819121595F06F1 /* Fill.swift */,
				FF475B9593B9898853814340 /* Transformer.swift */,
				72EAEBB7CF73E33565FC2896 /* ViewPortHandler.swift */,
			);
			name = Utils;
			sourceTree = "<group>";
		};
		DB2D9648877455028EBEAA8F /* Interfaces */ = {
			isa = PBXGroup;
			children = (
				7580C52E21F47AD1004AAD0E /* LineChartDataSetProtocol.swift */,
				3A32510073A303CBB38E094A /* ChartDataSetProtocol.swift */,
				219BC9CEA037F897E92E45D1 /* ScatterChartDataSetProtocol.swift */,
			);
			name = Interfaces;
			sourceTree = "<group>";
		};
		E7589D3E7C2BD2449960AD59 /* Renderers */ = {
			isa = PBXGroup;
			children = (
				7570C3B621F5B5F900C50FDE /* BarLineScatterRenderer.swift */,
				C75935E899183DDFA181E2CC /* AxisRendererBase.swift */,
				0216EDC6A1FE272F4EB19FCF /* ChartDataRendererBase.swift */,
				52265C1B343CCC41AF2300E3 /* CombinedChartRenderer.swift */,
				0DABDBBCCE6B3620C967F04A /* LineChartRenderer.swift */,
				6F66B32AD8A878CBD6DB6ED2 /* Renderer.swift */,
				F7059584CB30EF419CFB3335 /* Scatter */,
				80D5B764EC0AE1E17E55DC67 /* ScatterChartRenderer.swift */,
				1C02C3AF5C92FCFC18224C35 /* XAxisRenderer.swift */,
				688B80F1AA88AE54152BE768 /* YAxisRenderer.swift */,
			);
			name = Renderers;
			sourceTree = "<group>";
		};
		E9F158C8C566B26AFD775911 /* Supporting Files */ = {
			isa = PBXGroup;
			children = (
				910DBFE1DA1B2CA237A736DF /* Info.plist */,
				4F9922F0641F7955DC6CD324 /* Charts.h */,
			);
			name = "Supporting Files";
			sourceTree = "<group>";
		};
		F7059584CB30EF419CFB3335 /* Scatter */ = {
			isa = PBXGroup;
			children = (
				C52E8344160B5E689DA3C25C /* ChevronDownShapeRenderer.swift */,
				AA70259ED16FF80D8EEB0F94 /* ChevronUpShapeRenderer.swift */,
				ECE1B1623D3AF69CECAE8562 /* CircleShapeRenderer.swift */,
				823F7DB281C6C6F069A69605 /* CrossShapeRenderer.swift */,
				FA1D3D13180C2E3893A82546 /* IShapeRenderer.swift */,
				32FC01A016DFF1BA73AF9182 /* SquareShapeRenderer.swift */,
				C8FB6219B143F8F7DA762950 /* TriangleShapeRenderer.swift */,
				23D35CF6F9177D77B6B97AE1 /* XShapeRenderer.swift */,
			);
			name = Scatter;
			sourceTree = "<group>";
		};
/* End PBXGroup section */

/* Begin PBXHeadersBuildPhase section */
		B2B2DD73E237562739EE1F83 /* Headers */ = {
			isa = PBXHeadersBuildPhase;
			buildActionMask = 2147483647;
			files = (
				BEFD9518F3A74ACF8FA33308 /* Charts.h in Headers */,
			);
			runOnlyForDeploymentPostprocessing = 0;
		};
/* End PBXHeadersBuildPhase section */

/* Begin PBXNativeTarget section */
		A58A4ED274A941CA248EA921 /* Charts */ = {
			isa = PBXNativeTarget;
			buildConfigurationList = F1D4AA9E26EA32041FC0E3B6 /* Build configuration list for PBXNativeTarget "Charts" */;
			buildPhases = (
				B2B2DD73E237562739EE1F83 /* Headers */,
				B5996DB2D9B6F0DB0E9D3F3E /* Sources */,
				E257C254E738A8AE047C6FB6 /* Resources */,
				C16A09321DC2DCF289FF0E3B /* Frameworks */,
			);
			buildRules = (
			);
			dependencies = (
			);
			name = Charts;
			productName = Charts;
			productReference = 65AD9E95D9ED4DC0BD73A743 /* Charts.framework */;
			productType = "com.apple.product-type.framework";
		};
/* End PBXNativeTarget section */

/* Begin PBXProject section */
		193FC8DF32D250560C5F5D77 /* Project object */ = {
			isa = PBXProject;
			attributes = {
				LastSwiftUpdateCheck = 0830;
				LastUpgradeCheck = 0930;
				TargetAttributes = {
					7570C3AA21F568C200C50FDE = {
						CreatedOnToolsVersion = 10.0;
						DevelopmentTeam = 3JE2245GFQ;
						ProvisioningStyle = Automatic;
					};
					A58A4ED274A941CA248EA921 = {
						LastSwiftMigration = 0900;
					};
				};
			};
			buildConfigurationList = 493FF4FB1D40FC7C51DDDA6B /* Build configuration list for PBXProject "Charts" */;
			compatibilityVersion = "Xcode 3.2";
			developmentRegion = English;
			hasScannedForEncodings = 0;
			knownRegions = (
				en,
			);
			mainGroup = 865A1CF149F52850CAB7F177;
			productRefGroup = AB2D554102718F209377399E /* Products */;
			projectDirPath = "";
			projectRoot = "";
			targets = (
				A58A4ED274A941CA248EA921 /* Charts */,
				7570C3AA21F568C200C50FDE /* Periphery */,
			);
		};
/* End PBXProject section */

/* Begin PBXResourcesBuildPhase section */
		E257C254E738A8AE047C6FB6 /* Resources */ = {
			isa = PBXResourcesBuildPhase;
			buildActionMask = 2147483647;
			files = (
			);
			runOnlyForDeploymentPostprocessing = 0;
		};
/* End PBXResourcesBuildPhase section */

/* Begin PBXShellScriptBuildPhase section */
		7570C3AE21F568C800C50FDE /* Periphery */ = {
			isa = PBXShellScriptBuildPhase;
			buildActionMask = 2147483647;
			files = (
			);
			inputFileListPaths = (
			);
			inputPaths = (
			);
			name = Periphery;
			outputFileListPaths = (
			);
			outputPaths = (
			);
			runOnlyForDeploymentPostprocessing = 0;
			shellPath = /bin/sh;
			shellScript = "periphery scan --workspace Charts.xcworkspace --schemes Charts --targets Charts --format xcode --retain-public --retain-unused-protocol-func-params\n";
		};
/* End PBXShellScriptBuildPhase section */

/* Begin PBXSourcesBuildPhase section */
		B5996DB2D9B6F0DB0E9D3F3E /* Sources */ = {
			isa = PBXSourcesBuildPhase;
			buildActionMask = 2147483647;
			files = (
				9F760570BCECB0BF5727AF90 /* BarLineChartViewBase.swift in Sources */,
				98E2EEF45E8933E4AD182D58 /* ChartViewBase.swift in Sources */,
				0CAF514A280FF6A14E2A1A23 /* CombinedChartView.swift in Sources */,
				7E7561DE19DC7CABBE0B2D3A /* LineChartView.swift in Sources */,
				5C457D9A50DA20869AD1739D /* ScatterChartView.swift in Sources */,
				48E875BBD6540BDE1C1B7D3D /* AxisBase.swift in Sources */,
				7580C52F21F47AD1004AAD0E /* LineChartDataSetProtocol.swift in Sources */,
				FDBDAFA7A5337C6E3992DACE /* ComponentBase.swift in Sources */,
				DBC9DB402CC9BB84B76968C4 /* Description.swift in Sources */,
				78084A4F1D850D5775BC139E /* XAxis.swift in Sources */,
				2FBA7E982EB57932B9F3E9B5 /* YAxis.swift in Sources */,
				E50D291A6B6E69BF0B56A67C /* ChartBaseDataSet.swift in Sources */,
				81892994002C0640AD858748 /* ChartData.swift in Sources */,
				EAEA60D22CA8C1B7E18D3F7D /* ChartDataEntry.swift in Sources */,
				7D546013F3A14FF5BB7F3294 /* ChartDataEntryBase.swift in Sources */,
				66A18A8EEBAAAC2EDA31ABEC /* ChartDataSet.swift in Sources */,
				331AA2C4BC34F56C23012F02 /* CombinedChartData.swift in Sources */,
				C04D269AD4A373FD2B621C43 /* LineChartData.swift in Sources */,
				95B6D6F35684292A62DBEA74 /* LineChartDataSet.swift in Sources */,
				7580C53321F47CCA004AAD0E /* AxisColorFormatterProtocol.swift in Sources */,
				9A26C8DB1F87B01700367599 /* DataApproximator+N.swift in Sources */,
				2B791E64E7C4523B1A63F72A /* ScatterChartData.swift in Sources */,
				EB56849433A76B08606B73EB /* ScatterChartDataSet.swift in Sources */,
				E8F0F4F47CD7D72B4EE5A794 /* ChartDataSetProtocol.swift in Sources */,
				50476F8E6662CAFC1EFE0723 /* ScatterChartDataSetProtocol.swift in Sources */,
				97E033CC0ABEF0F448DAFA8E /* DataApproximator.swift in Sources */,
				779B46E9F13A087BFA47D539 /* DefaultAxisValueFormatter.swift in Sources */,
				F744C510DA9B85C228BBB335 /* DefaultFillFormatter.swift in Sources */,
				B0D28C68BB9A958DC56EB214 /* DefaultValueFormatter.swift in Sources */,
				B13C74B4FF705D7B595D01EF /* AxisValueFormatterProtocol.swift in Sources */,
				B6C9F450D937B87224D29D5C /* FillFormatterProtocol.swift in Sources */,
				967EE2EDDE3337C5C4337C59 /* IndexAxisValueFormatter.swift in Sources */,
				A40ACF0CCE96EEE104B0463D /* ValueFormatterProtocol.swift in Sources */,
				28FEE609C5B22FD64C7E5D10 /* BarLineScatterChartDataProvider.swift in Sources */,
				FD37AAC0270F390FFC470A65 /* ChartDataProvider.swift in Sources */,
				7570C3B721F5B5F900C50FDE /* BarLineScatterRenderer.swift in Sources */,
				65EA404AE098EBCE8D5DE04B /* CombinedChartDataProvider.swift in Sources */,
				2BA03CEC36BADCF682F1328B /* LineChartDataProvider.swift in Sources */,
				0511E43EF3FD2CDE7F7F15DB /* ScatterChartDataProvider.swift in Sources */,
				02A6E6E1A82A27A66B8D08C4 /* MoveViewJob.swift in Sources */,
				9400725714D0DA707DDECD2E /* ViewPortJob.swift in Sources */,
				AEE9C4E4AC02B8FB3CD21975 /* ZoomViewJob.swift in Sources */,
				ECECC58CEF03B1718F8267E8 /* AxisRendererBase.swift in Sources */,
				F37B07008B8AE7F3909FFB9C /* ChartDataRendererBase.swift in Sources */,
				05253AFC448C107DEF54C2FE /* CombinedChartRenderer.swift in Sources */,
				5F96E95C7073D21EFE02BCF7 /* LineChartRenderer.swift in Sources */,
				CEF68F42A5390A73113F3663 /* Renderer.swift in Sources */,
				796D3E63A37A95FD9D1AB9A1 /* ChevronDownShapeRenderer.swift in Sources */,
				F103D90FC5DEEA0D7BB4407E /* ChevronUpShapeRenderer.swift in Sources */,
				B85DEB06B4C1AFFC8A0E3295 /* CircleShapeRenderer.swift in Sources */,
				0529DD51622C8769C1121F90 /* CrossShapeRenderer.swift in Sources */,
				8A9FF54E2075A9047CC8E953 /* IShapeRenderer.swift in Sources */,
				8EF7B3FBE37F72CC030CD865 /* SquareShapeRenderer.swift in Sources */,
				8F4B1A9060472764073DFA0B /* TriangleShapeRenderer.swift in Sources */,
				93A94E1FF55041A6032891FE /* XShapeRenderer.swift in Sources */,
				5DC9BC1B6C128B2C9995AB84 /* ScatterChartRenderer.swift in Sources */,
				41BEBF8BDB9DC403B5697D67 /* XAxisRenderer.swift in Sources */,
				41B13F3179ACB5A3837C6E55 /* YAxisRenderer.swift in Sources */,
				40C82F2209E1BA9E41E8F3DA /* ChartColorTemplates.swift in Sources */,
				CB785FE9B6B312408D17BC3B /* ChartUtils.swift in Sources */,
				8102A555DD6C93AC1290EA7C /* Fill.swift in Sources */,
				DE0F434FE8C24C52B023370F /* Transformer.swift in Sources */,
				515E286E6C47594D3FFA3DD1 /* ViewPortHandler.swift in Sources */,
			);
			runOnlyForDeploymentPostprocessing = 0;
		};
/* End PBXSourcesBuildPhase section */

/* Begin XCBuildConfiguration section */
		0EF2164C35AB4D391B503317 /* Debug */ = {
			isa = XCBuildConfiguration;
			buildSettings = {
				APPLICATION_EXTENSION_API_ONLY = YES;
				COMBINE_HIDPI_IMAGES = YES;
				CURRENT_PROJECT_VERSION = 1;
				DEBUG_INFORMATION_FORMAT = dwarf;
				DEFINES_MODULE = YES;
				DYLIB_COMPATIBILITY_VERSION = 1;
				DYLIB_CURRENT_VERSION = 1;
				DYLIB_INSTALL_NAME_BASE = "@rpath";
				ENABLE_STRICT_OBJC_MSGSEND = YES;
				FRAMEWORK_VERSION = A;
				GCC_NO_COMMON_BLOCKS = YES;
				INFOPLIST_FILE = "Source/Supporting Files/Info.plist";
				INSTALL_PATH = "$(LOCAL_LIBRARY_DIR)/Frameworks";
				IPHONEOS_DEPLOYMENT_TARGET = 8.0;
				LD_RUNPATH_SEARCH_PATHS = "$(inherited) @executable_path/../Frameworks @loader_path/Frameworks";
				MACOSX_DEPLOYMENT_TARGET = 10.11;
				MTL_ENABLE_DEBUG_INFO = YES;
				PRODUCT_BUNDLE_IDENTIFIER = com.dcg.Charts;
				PRODUCT_NAME = "$(TARGET_NAME)";
				SDKROOT = iphoneos;
				SKIP_INSTALL = YES;
				SUPPORTED_PLATFORMS = "iphonesimulator iphoneos";
				SWIFT_ACTIVE_COMPILATION_CONDITIONS = DEBUG;
				SWIFT_OPTIMIZATION_LEVEL = "-Onone";
				SWIFT_VERSION = 4.0;
				TVOS_DEPLOYMENT_TARGET = 9.0;
				VERSIONING_SYSTEM = "apple-generic";
				VERSION_INFO_PREFIX = "";
			};
			name = Debug;
		};
		7570C3AB21F568C200C50FDE /* Debug */ = {
			isa = XCBuildConfiguration;
			buildSettings = {
				CODE_SIGN_STYLE = Automatic;
				DEVELOPMENT_TEAM = 3JE2245GFQ;
				PRODUCT_NAME = "$(TARGET_NAME)";
			};
			name = Debug;
		};
		7570C3AC21F568C200C50FDE /* Release */ = {
			isa = XCBuildConfiguration;
			buildSettings = {
				CODE_SIGN_STYLE = Automatic;
				DEVELOPMENT_TEAM = 3JE2245GFQ;
				PRODUCT_NAME = "$(TARGET_NAME)";
			};
			name = Release;
		};
		A17F60813C38081A2F1803D4 /* Release */ = {
			isa = XCBuildConfiguration;
			buildSettings = {
				ALWAYS_SEARCH_USER_PATHS = NO;
				CLANG_ANALYZER_NONNULL = YES;
				CLANG_ANALYZER_NUMBER_OBJECT_CONVERSION = YES;
				CLANG_CXX_LANGUAGE_STANDARD = "gnu++0x";
				CLANG_CXX_LIBRARY = "libc++";
				CLANG_ENABLE_MODULES = YES;
				CLANG_ENABLE_OBJC_ARC = YES;
				CLANG_WARN_BLOCK_CAPTURE_AUTORELEASING = YES;
				CLANG_WARN_BOOL_CONVERSION = YES;
				CLANG_WARN_COMMA = YES;
				CLANG_WARN_CONSTANT_CONVERSION = YES;
				CLANG_WARN_DEPRECATED_OBJC_IMPLEMENTATIONS = YES;
				CLANG_WARN_DIRECT_OBJC_ISA_USAGE = YES;
				CLANG_WARN_DOCUMENTATION_COMMENTS = YES;
				CLANG_WARN_EMPTY_BODY = YES;
				CLANG_WARN_ENUM_CONVERSION = YES;
				CLANG_WARN_INFINITE_RECURSION = YES;
				CLANG_WARN_INT_CONVERSION = YES;
				CLANG_WARN_NON_LITERAL_NULL_CONVERSION = YES;
				CLANG_WARN_OBJC_IMPLICIT_RETAIN_SELF = YES;
				CLANG_WARN_OBJC_LITERAL_CONVERSION = YES;
				CLANG_WARN_OBJC_ROOT_CLASS = YES;
				CLANG_WARN_RANGE_LOOP_ANALYSIS = YES;
				CLANG_WARN_STRICT_PROTOTYPES = YES;
				CLANG_WARN_SUSPICIOUS_MOVE = YES;
				CLANG_WARN_UNREACHABLE_CODE = YES;
				CLANG_WARN__DUPLICATE_METHOD_MATCH = YES;
				CODE_SIGN_IDENTITY = "";
				COMBINE_HIDPI_IMAGES = YES;
				COPY_PHASE_STRIP = YES;
				ENABLE_NS_ASSERTIONS = NO;
				ENABLE_STRICT_OBJC_MSGSEND = YES;
				GCC_C_LANGUAGE_STANDARD = gnu99;
				GCC_NO_COMMON_BLOCKS = YES;
				GCC_WARN_64_TO_32_BIT_CONVERSION = YES;
				GCC_WARN_ABOUT_RETURN_TYPE = YES;
				GCC_WARN_UNDECLARED_SELECTOR = YES;
				GCC_WARN_UNINITIALIZED_AUTOS = YES;
				GCC_WARN_UNUSED_FUNCTION = YES;
				GCC_WARN_UNUSED_VARIABLE = YES;
				SDKROOT = iphoneos;
				SWIFT_OPTIMIZATION_LEVEL = "-Owholemodule";
				SWIFT_VERSION = 4.0;
				TARGETED_DEVICE_FAMILY = "1,2,3,4";
				VALIDATE_PRODUCT = YES;
			};
			name = Release;
		};
		C5C79E736CA16C93F421E934 /* Debug */ = {
			isa = XCBuildConfiguration;
			buildSettings = {
				ALWAYS_SEARCH_USER_PATHS = NO;
				CLANG_ANALYZER_NONNULL = YES;
				CLANG_ANALYZER_NUMBER_OBJECT_CONVERSION = YES;
				CLANG_CXX_LANGUAGE_STANDARD = "gnu++0x";
				CLANG_CXX_LIBRARY = "libc++";
				CLANG_ENABLE_MODULES = YES;
				CLANG_ENABLE_OBJC_ARC = YES;
				CLANG_WARN_BLOCK_CAPTURE_AUTORELEASING = YES;
				CLANG_WARN_BOOL_CONVERSION = YES;
				CLANG_WARN_COMMA = YES;
				CLANG_WARN_CONSTANT_CONVERSION = YES;
				CLANG_WARN_DEPRECATED_OBJC_IMPLEMENTATIONS = YES;
				CLANG_WARN_DIRECT_OBJC_ISA_USAGE = YES;
				CLANG_WARN_DOCUMENTATION_COMMENTS = YES;
				CLANG_WARN_EMPTY_BODY = YES;
				CLANG_WARN_ENUM_CONVERSION = YES;
				CLANG_WARN_INFINITE_RECURSION = YES;
				CLANG_WARN_INT_CONVERSION = YES;
				CLANG_WARN_NON_LITERAL_NULL_CONVERSION = YES;
				CLANG_WARN_OBJC_IMPLICIT_RETAIN_SELF = YES;
				CLANG_WARN_OBJC_LITERAL_CONVERSION = YES;
				CLANG_WARN_OBJC_ROOT_CLASS = YES;
				CLANG_WARN_RANGE_LOOP_ANALYSIS = YES;
				CLANG_WARN_STRICT_PROTOTYPES = YES;
				CLANG_WARN_SUSPICIOUS_MOVE = YES;
				CLANG_WARN_UNREACHABLE_CODE = YES;
				CLANG_WARN__DUPLICATE_METHOD_MATCH = YES;
				CODE_SIGN_IDENTITY = "";
				COMBINE_HIDPI_IMAGES = YES;
				COPY_PHASE_STRIP = NO;
				ENABLE_STRICT_OBJC_MSGSEND = YES;
				ENABLE_TESTABILITY = YES;
				GCC_C_LANGUAGE_STANDARD = gnu99;
				GCC_DYNAMIC_NO_PIC = NO;
				GCC_NO_COMMON_BLOCKS = YES;
				GCC_OPTIMIZATION_LEVEL = 0;
				GCC_PREPROCESSOR_DEFINITIONS = (
					"DEBUG=1",
					"$(inherited)",
				);
				GCC_SYMBOLS_PRIVATE_EXTERN = NO;
				GCC_WARN_64_TO_32_BIT_CONVERSION = YES;
				GCC_WARN_ABOUT_RETURN_TYPE = YES;
				GCC_WARN_UNDECLARED_SELECTOR = YES;
				GCC_WARN_UNINITIALIZED_AUTOS = YES;
				GCC_WARN_UNUSED_FUNCTION = YES;
				GCC_WARN_UNUSED_VARIABLE = YES;
				ONLY_ACTIVE_ARCH = YES;
				SDKROOT = iphoneos;
				SWIFT_OPTIMIZATION_LEVEL = "-Owholemodule";
				SWIFT_VERSION = 4.0;
				TARGETED_DEVICE_FAMILY = "1,2,3,4";
			};
			name = Debug;
		};
		D9365FBCFFEE9FCFC79EC4C7 /* Release */ = {
			isa = XCBuildConfiguration;
			buildSettings = {
				APPLICATION_EXTENSION_API_ONLY = YES;
				COMBINE_HIDPI_IMAGES = YES;
				CURRENT_PROJECT_VERSION = 1;
				DEBUG_INFORMATION_FORMAT = "dwarf-with-dsym";
				DEFINES_MODULE = YES;
				DYLIB_COMPATIBILITY_VERSION = 1;
				DYLIB_CURRENT_VERSION = 1;
				DYLIB_INSTALL_NAME_BASE = "@rpath";
				ENABLE_STRICT_OBJC_MSGSEND = YES;
				FRAMEWORK_VERSION = A;
				GCC_NO_COMMON_BLOCKS = YES;
				INFOPLIST_FILE = "Source/Supporting Files/Info.plist";
				INSTALL_PATH = "$(LOCAL_LIBRARY_DIR)/Frameworks";
				IPHONEOS_DEPLOYMENT_TARGET = 8.0;
				LD_RUNPATH_SEARCH_PATHS = "$(inherited) @executable_path/../Frameworks @loader_path/Frameworks";
				MACOSX_DEPLOYMENT_TARGET = 10.11;
				MTL_ENABLE_DEBUG_INFO = NO;
				PRODUCT_BUNDLE_IDENTIFIER = com.dcg.Charts;
				PRODUCT_NAME = "$(TARGET_NAME)";
				SDKROOT = iphoneos;
				SKIP_INSTALL = YES;
				SUPPORTED_PLATFORMS = "iphonesimulator iphoneos";
				SWIFT_OPTIMIZATION_LEVEL = "-Owholemodule";
				SWIFT_VERSION = 4.0;
				TVOS_DEPLOYMENT_TARGET = 9.0;
				VERSIONING_SYSTEM = "apple-generic";
				VERSION_INFO_PREFIX = "";
			};
			name = Release;
		};
/* End XCBuildConfiguration section */

/* Begin XCConfigurationList section */
		493FF4FB1D40FC7C51DDDA6B /* Build configuration list for PBXProject "Charts" */ = {
			isa = XCConfigurationList;
			buildConfigurations = (
				C5C79E736CA16C93F421E934 /* Debug */,
				A17F60813C38081A2F1803D4 /* Release */,
			);
			defaultConfigurationIsVisible = 0;
			defaultConfigurationName = Release;
		};
		7570C3AD21F568C200C50FDE /* Build configuration list for PBXAggregateTarget "Periphery" */ = {
			isa = XCConfigurationList;
			buildConfigurations = (
				7570C3AB21F568C200C50FDE /* Debug */,
				7570C3AC21F568C200C50FDE /* Release */,
			);
			defaultConfigurationIsVisible = 0;
			defaultConfigurationName = Release;
		};
		F1D4AA9E26EA32041FC0E3B6 /* Build configuration list for PBXNativeTarget "Charts" */ = {
			isa = XCConfigurationList;
			buildConfigurations = (
				D9365FBCFFEE9FCFC79EC4C7 /* Release */,
				0EF2164C35AB4D391B503317 /* Debug */,
			);
			defaultConfigurationIsVisible = 0;
			defaultConfigurationName = Release;
		};
/* End XCConfigurationList section */
	};
	rootObject = 193FC8DF32D250560C5F5D77 /* Project object */;
}
